{
  "name": "medus",
  "version": "1.0.0",
<<<<<<< Updated upstream
  "lockfileVersion": 2,
=======
  "lockfileVersion": 3,
>>>>>>> Stashed changes
  "requires": true,
  "packages": {
    "": {
      "name": "medus",
      "version": "1.0.0",
<<<<<<< Updated upstream
      "license": "ISC"
=======
      "license": "ISC",
      "dependencies": {
        "medus": "file:"
      }
    },
    "node_modules/medus": {
      "resolved": "",
      "link": true
>>>>>>> Stashed changes
    }
  }
}
